
Microsoft Visual Studio Solution File, Format Version 12.00
# Visual Studio Version 17
VisualStudioVersion = 17.3.32929.385
MinimumVisualStudioVersion = 10.0.40219.1
Project("{FAE04EC0-301F-11D3-BF4B-00C04F79EFBC}") = "HiCraftApi", "HiCraftApi.csproj", "{A96F9462-1D09-45ED-8524-2A322C12535A}"
EndProject
Global
	GlobalSection(SolutionConfigurationPlatforms) = preSolution
		Debug|Any CPU = Debug|Any CPU
		Release|Any CPU = Release|Any CPU
	EndGlobalSection
	GlobalSection(ProjectConfigurationPlatforms) = postSolution
		{A96F9462-1D09-45ED-8524-2A322C12535A}.Debug|Any CPU.ActiveCfg = Debug|Any CPU
		{A96F9462-1D09-45ED-8524-2A322C12535A}.Debug|Any CPU.Build.0 = Debug|Any CPU
		{A96F9462-1D09-45ED-8524-2A322C12535A}.Release|Any CPU.ActiveCfg = Release|Any CPU
		{A96F9462-1D09-45ED-8524-2A322C12535A}.Release|Any CPU.Build.0 = Release|Any CPU
	EndGlobalSection
	GlobalSection(SolutionProperties) = preSolution
		HideSolutionNode = FALSE
	EndGlobalSection
	GlobalSection(ExtensibilityGlobals) = postSolution
		SolutionGuid = {9B368EE5-AD95-48CD-AC46-DBCB3B9FA287}
	EndGlobalSection
EndGlobal
